# THIS IS AN AUTOGENERATED FILE. DO NOT EDIT THIS FILE DIRECTLY.
# yarn lockfile v1


"@next/env@12.1.7-canary.4":
  version "12.1.7-canary.4"
  resolved "https://registry.yarnpkg.com/@next/env/-/env-12.1.7-canary.4.tgz#9af60178b4d9d3e5fe395b093b4fde112a521058"
  integrity sha512-ya1htAjx/epD1ibp3dTqjNaFusE672nCwmw1vQqAZ2EdtDRH8T9IN0ggsFcKYicT2qvWShoxs+t44GAJLUSlEA==

"@next/swc-android-arm-eabi@12.1.7-canary.4":
  version "12.1.7-canary.4"
  resolved "https://registry.yarnpkg.com/@next/swc-android-arm-eabi/-/swc-android-arm-eabi-12.1.7-canary.4.tgz#99ac85641a004d6603991b845780b32c0a6098a8"
  integrity sha512-iT2n8SEsiVjyN06QQiwjdMuxWmwX1XnMMkedhYBZAzyFKFCcJCTSswlHV7LmvSgUU6edVz3oTM1z2RJFUOb7ww==

"@next/swc-android-arm64@12.1.7-canary.4":
  version "12.1.7-canary.4"
  resolved "https://registry.yarnpkg.com/@next/swc-android-arm64/-/swc-android-arm64-12.1.7-canary.4.tgz#1fb097dcc58f98898ddc3ab1d05ffff35c524035"
  integrity sha512-JqVKbOikw2RgyX6CBVVB+lscFIqE9n2iqlYBx4Q8cWHU4kUGwV3vWLC6wIqX2wVuuS8OgFp80+LKNbaTdn2Hbg==

"@next/swc-darwin-arm64@12.1.7-canary.4":
  version "12.1.7-canary.4"
  resolved "https://registry.yarnpkg.com/@next/swc-darwin-arm64/-/swc-darwin-arm64-12.1.7-canary.4.tgz#5e84977cdf9186b62e6e818e8c0a8f8333e833e6"
  integrity sha512-wTPlNqbXE6fRJ9L2zWaWGWt7AVvwii743lmK/gHdEEJ90w+vL4mnfBD5cPKX19CKAD9IZQaOD+NwoHONLIrYXQ==

"@next/swc-darwin-x64@12.1.7-canary.4":
  version "12.1.7-canary.4"
  resolved "https://registry.yarnpkg.com/@next/swc-darwin-x64/-/swc-darwin-x64-12.1.7-canary.4.tgz#e75fdd18cb35ab0938c84c71c418352d050fcb10"
  integrity sha512-nLvmNq+zc6+rr/a64bQxXVHg+YGsbJvywW7DcW15P4yT58ssVF+aGF8anY7+Jayk0XFaqC5Ik3lZwvs53CCEWw==

"@next/swc-linux-arm-gnueabihf@12.1.7-canary.4":
  version "12.1.7-canary.4"
  resolved "https://registry.yarnpkg.com/@next/swc-linux-arm-gnueabihf/-/swc-linux-arm-gnueabihf-12.1.7-canary.4.tgz#9ee404a4d6a734c77a79e80b47b917972f767c04"
  integrity sha512-5T/JY4SWhngkSXootGIHJIBIyfxGodHlzRi/IHP+vwxGFHZEn57fj3CAlYnmAKlekXakmXu/7O6+qpxqkploLg==

"@next/swc-linux-arm64-gnu@12.1.7-canary.4":
  version "12.1.7-canary.4"
  resolved "https://registry.yarnpkg.com/@next/swc-linux-arm64-gnu/-/swc-linux-arm64-gnu-12.1.7-canary.4.tgz#21952e6ae00cc3d118415174f7eb9e7e47b93c01"
  integrity sha512-PYnDSKGh8alDql/dykCVfpGC4COeip88BanUwqx9n0VeFgvfbCoZdmKP5u7qGk+KGr1BIQFiLAvd+NIeH8gYKg==

"@next/swc-linux-arm64-musl@12.1.7-canary.4":
  version "12.1.7-canary.4"
  resolved "https://registry.yarnpkg.com/@next/swc-linux-arm64-musl/-/swc-linux-arm64-musl-12.1.7-canary.4.tgz#2a2cdecac78a645f51cca7d6de935351e286d2c9"
  integrity sha512-lXxBMnfBIkWLSWFWByawFdayA14RKlzgpmhzQQZzeFvgHAenaUJ7usHvU3g/b9lzSZrDercxRea/Y9skJTg1Dw==

"@next/swc-linux-x64-gnu@12.1.7-canary.4":
  version "12.1.7-canary.4"
  resolved "https://registry.yarnpkg.com/@next/swc-linux-x64-gnu/-/swc-linux-x64-gnu-12.1.7-canary.4.tgz#db1fda3cd6a3a51f7fdfbc6ca522d595617702f9"
  integrity sha512-dXqSkd3Y6RudqxcYdyhA8kmXeHSvu6XzviE+OzM0UyNMId9MMfmIQKAP26dR27kZHL2M9j2yd6+HQS76kVeOWA==

"@next/swc-linux-x64-musl@12.1.7-canary.4":
  version "12.1.7-canary.4"
  resolved "https://registry.yarnpkg.com/@next/swc-linux-x64-musl/-/swc-linux-x64-musl-12.1.7-canary.4.tgz#d2b1bdccbe06d7550ec5e5e828dcafa2b2249a07"
  integrity sha512-jFmYFvWUhZ7u4Gh30Q1ky57pWMrNjkl8kb6UD6kICyh7DSm6gf71UPuHK9jdG8m2duzNFyIKCrYuXjWQSLZ/xA==

"@next/swc-win32-arm64-msvc@12.1.7-canary.4":
  version "12.1.7-canary.4"
  resolved "https://registry.yarnpkg.com/@next/swc-win32-arm64-msvc/-/swc-win32-arm64-msvc-12.1.7-canary.4.tgz#3e6d895a6e64e89b06e2af8c0beb21b3f0fa2197"
  integrity sha512-FHn2xzGlQLZ93wCGF1apfHrEHRcP6sKTZvS4AiFlcuTmj64yLGc2ZkqhKVzg2FfhEcfoDGLhGjiAsFOc+SoJmg==

"@next/swc-win32-ia32-msvc@12.1.7-canary.4":
  version "12.1.7-canary.4"
  resolved "https://registry.yarnpkg.com/@next/swc-win32-ia32-msvc/-/swc-win32-ia32-msvc-12.1.7-canary.4.tgz#1decd1d73ff9f0339103ef54750aa6393bab61a3"
  integrity sha512-FJ38rzClul8YJmq8hUlucXrnq5PQF9mzcp1aJHpSsENQ3/UeJisP5uD1S9rtKZD56sBnJhhcE3KQ3FhWW7K9IA==

"@next/swc-win32-x64-msvc@12.1.7-canary.4":
  version "12.1.7-canary.4"
  resolved "https://registry.yarnpkg.com/@next/swc-win32-x64-msvc/-/swc-win32-x64-msvc-12.1.7-canary.4.tgz#75ace14e34275f42a76ec1f735fe7d7854b35518"
  integrity sha512-HkChojqi78kQR3iVuTi5wJAsNEP08Iv6q7SDFumIc1hW23BeqG2T3GBFmUNDw0NR2qvG9294jtmyGbU0/BW7MA==

"@types/memoizee@0.4.7":
  version "0.4.7"
  resolved "https://registry.yarnpkg.com/@types/memoizee/-/memoizee-0.4.7.tgz#fa0025b5ea1c8acb85fd52a76982c5a096c2c91e"
  integrity sha512-EMtvWnRC/W0KYmXxbPJAMg/M1OXkFboSpd/IzkNMDXfoFPE4uom1RHFl8q7m/4R0y9eG1yaoaIPiMHk0vMA0eA==

"@types/node@16.11.22":
  version "16.11.22"
  resolved "https://registry.yarnpkg.com/@types/node/-/node-16.11.22.tgz#e704150225bfc4195f8ce68a7ac8da02b753549a"
  integrity sha512-DYNtJWauMQ9RNpesl4aVothr97/tIJM8HbyOXJ0AYT1Z2bEjLHyfjOBPAQQVMLf8h3kSShYfNk8Wnto8B2zHUA==

"@types/prop-types@*":
  version "15.7.5"
  resolved "https://registry.yarnpkg.com/@types/prop-types/-/prop-types-15.7.5.tgz#5f19d2b85a98e9558036f6a3cacc8819420f05cf"
  integrity sha512-JCB8C6SnDoQf0cNycqd/35A7MjcnK+ZTqE7judS6o7utxUCg6imJg3QK2qzHKszlTjcj2cn+NwMB2i96ubpj7w==

"@types/react@18.0.9":
  version "18.0.9"
  resolved "https://registry.yarnpkg.com/@types/react/-/react-18.0.9.tgz#d6712a38bd6cd83469603e7359511126f122e878"
  integrity sha512-9bjbg1hJHUm4De19L1cHiW0Jvx3geel6Qczhjd0qY5VKVE2X5+x77YxAepuCwVh4vrgZJdgEJw48zrhRIeF4Nw==
  dependencies:
    "@types/prop-types" "*"
    "@types/scheduler" "*"
    csstype "^3.0.2"

"@types/scheduler@*":
  version "0.16.2"
  resolved "https://registry.yarnpkg.com/@types/scheduler/-/scheduler-0.16.2.tgz#1a62f89525723dde24ba1b01b092bf5df8ad4d39"
  integrity sha512-hppQEBDmlwhFAXKJX2KnWLYu5yMfi91yazPb2l+lbJiwW+wdo1gNeRA+3RgNSO39WYX2euey41KEwnqesU2Jew==

caniuse-lite@^1.0.30001332:
  version "1.0.30001344"
  resolved "https://registry.yarnpkg.com/caniuse-lite/-/caniuse-lite-1.0.30001344.tgz#8a1e7fdc4db9c2ec79a05e9fd68eb93a761888bb"
  integrity sha512-0ZFjnlCaXNOAYcV7i+TtdKBp0L/3XEU2MF/x6Du1lrh+SRX4IfzIVL4HNJg5pB2PmFb8rszIGyOvsZnqqRoc2g==

csstype@^3.0.2:
  version "3.1.0"
  resolved "https://registry.yarnpkg.com/csstype/-/csstype-3.1.0.tgz#4ddcac3718d787cf9df0d1b7d15033925c8f29f2"
  integrity sha512-uX1KG+x9h5hIJsaKR9xHUeUraxf8IODOwq9JLNPq6BwB04a/xgpq3rcx47l5BZu5zBPlgD342tdke3Hom/nJRA==

d@1, d@^1.0.1:
  version "1.0.1"
  resolved "https://registry.yarnpkg.com/d/-/d-1.0.1.tgz#8698095372d58dbee346ffd0c7093f99f8f9eb5a"
  integrity sha512-m62ShEObQ39CfralilEQRjH6oAMtNCV1xJyEx5LpRYUVN+EviphDgUc/F3hnYbADmkiNs67Y+3ylmlG7Lnu+FA==
  dependencies:
    es5-ext "^0.10.50"
    type "^1.0.1"

es5-ext@^0.10.35, es5-ext@^0.10.46, es5-ext@^0.10.50, es5-ext@^0.10.53, es5-ext@~0.10.14, es5-ext@~0.10.2, es5-ext@~0.10.46:
  version "0.10.61"
  resolved "https://registry.yarnpkg.com/es5-ext/-/es5-ext-0.10.61.tgz#311de37949ef86b6b0dcea894d1ffedb909d3269"
  integrity sha512-yFhIqQAzu2Ca2I4SE2Au3rxVfmohU9Y7wqGR+s7+H7krk26NXhIRAZDgqd6xqjCEFUomDEA3/Bo/7fKmIkW1kA==
  dependencies:
    es6-iterator "^2.0.3"
    es6-symbol "^3.1.3"
    next-tick "^1.1.0"

es6-iterator@^2.0.3:
  version "2.0.3"
  resolved "https://registry.yarnpkg.com/es6-iterator/-/es6-iterator-2.0.3.tgz#a7de889141a05a94b0854403b2d0a0fbfa98f3b7"
  integrity sha512-zw4SRzoUkd+cl+ZoE15A9o1oQd920Bb0iOJMQkQhl3jNc03YqVjAhG7scf9C5KWRU/R13Orf588uCC6525o02g==
  dependencies:
    d "1"
    es5-ext "^0.10.35"
    es6-symbol "^3.1.1"

es6-symbol@^3.1.1, es6-symbol@^3.1.3:
  version "3.1.3"
  resolved "https://registry.yarnpkg.com/es6-symbol/-/es6-symbol-3.1.3.tgz#bad5d3c1bcdac28269f4cb331e431c78ac705d18"
  integrity sha512-NJ6Yn3FuDinBaBRWl/q5X/s4koRHBrgKAu+yGI6JCBeiu3qrcbJhwT2GeR/EXVfylRk8dpQVJoLEFhK+Mu31NA==
  dependencies:
    d "^1.0.1"
    ext "^1.1.2"

es6-weak-map@^2.0.3:
  version "2.0.3"
  resolved "https://registry.yarnpkg.com/es6-weak-map/-/es6-weak-map-2.0.3.tgz#b6da1f16cc2cc0d9be43e6bdbfc5e7dfcdf31d53"
  integrity sha512-p5um32HOTO1kP+w7PRnB+5lQ43Z6muuMuIMffvDN8ZB4GcnjLBV6zGStpbASIMk4DCAvEaamhe2zhyCb/QXXsA==
  dependencies:
    d "1"
    es5-ext "^0.10.46"
    es6-iterator "^2.0.3"
    es6-symbol "^3.1.1"

event-emitter@^0.3.5:
  version "0.3.5"
  resolved "https://registry.yarnpkg.com/event-emitter/-/event-emitter-0.3.5.tgz#df8c69eef1647923c7157b9ce83840610b02cc39"
  integrity sha512-D9rRn9y7kLPnJ+hMq7S/nhvoKwwvVJahBi2BPmx3bvbsEdK3W9ii8cBSGjP+72/LnM4n6fo3+dkCX5FeTQruXA==
  dependencies:
    d "1"
    es5-ext "~0.10.14"

evt@^2.2.1:
  version "2.2.1"
  resolved "https://registry.yarnpkg.com/evt/-/evt-2.2.1.tgz#a3d6b19e92a5fae2801d98e764294c08b8079d78"
  integrity sha512-MbzwSxMaZrmg09Q0HeK/W0/xwH3u9jFxb78MAXhhFczjog8gqoaO1IQGCAIOlI7FHW7NzuoCKpjcIyJUva7H3w==
  dependencies:
    minimal-polyfills "^2.2.1"
    run-exclusive "^2.2.14"
    tsafe "^0.10.0"

ext@^1.1.2:
  version "1.6.0"
  resolved "https://registry.yarnpkg.com/ext/-/ext-1.6.0.tgz#3871d50641e874cc172e2b53f919842d19db4c52"
  integrity sha512-sdBImtzkq2HpkdRLtlLWDa6w4DX22ijZLKx8BMPUuKe1c5lbN6xwQDQCxSfxBQnHZ13ls/FH0MQZx/q/gr6FQg==
  dependencies:
    type "^2.5.0"

is-promise@^2.2.2:
  version "2.2.2"
  resolved "https://registry.yarnpkg.com/is-promise/-/is-promise-2.2.2.tgz#39ab959ccbf9a774cf079f7b40c7a26f763135f1"
  integrity sha512-+lP4/6lKUBfQjZ2pdxThZvLUAafmZb8OAxFb8XXtiQmS35INgr85hdOGoEs124ez1FCnZJt6jau/T+alh58QFQ==

"js-tokens@^3.0.0 || ^4.0.0":
  version "4.0.0"
  resolved "https://registry.yarnpkg.com/js-tokens/-/js-tokens-4.0.0.tgz#19203fb59991df98e3a287050d4647cdeaf32499"
  integrity sha512-RdJUflcE3cUzKiMqQgsCu06FPu9UdIJO0beYbPhHN4k6apgJtifcoCtT9bcxOpYBtpD2kCM6Sbzg4CausW/PKQ==

loose-envify@^1.1.0:
  version "1.4.0"
  resolved "https://registry.yarnpkg.com/loose-envify/-/loose-envify-1.4.0.tgz#71ee51fa7be4caec1a63839f7e682d8132d30caf"
  integrity sha512-lyuxPGr/Wfhrlem2CL/UcnUc1zcqKAImBDzukY7Y5F/yQiNdko6+fRLevlw1HgMySw7f611UIY408EtxRSoK3Q==
  dependencies:
    js-tokens "^3.0.0 || ^4.0.0"

lru-queue@^0.1.0:
  version "0.1.0"
  resolved "https://registry.yarnpkg.com/lru-queue/-/lru-queue-0.1.0.tgz#2738bd9f0d3cf4f84490c5736c48699ac632cda3"
  integrity sha512-BpdYkt9EvGl8OfWHDQPISVpcl5xZthb+XPsbELj5AQXxIC8IriDZIQYjBJPEm5rS420sjZ0TLEzRcq5KdBhYrQ==
  dependencies:
    es5-ext "~0.10.2"

memoizee@^0.4.15:
  version "0.4.15"
  resolved "https://registry.yarnpkg.com/memoizee/-/memoizee-0.4.15.tgz#e6f3d2da863f318d02225391829a6c5956555b72"
  integrity sha512-UBWmJpLZd5STPm7PMUlOw/TSy972M+z8gcyQ5veOnSDRREz/0bmpyTfKt3/51DhEBqCZQn1udM/5flcSPYhkdQ==
  dependencies:
    d "^1.0.1"
    es5-ext "^0.10.53"
    es6-weak-map "^2.0.3"
    event-emitter "^0.3.5"
    is-promise "^2.2.2"
    lru-queue "^0.1.0"
    next-tick "^1.1.0"
    timers-ext "^0.1.7"

minimal-polyfills@^2.1.5, minimal-polyfills@^2.2.1:
  version "2.2.1"
  resolved "https://registry.yarnpkg.com/minimal-polyfills/-/minimal-polyfills-2.2.1.tgz#7249d7ece666d3b4e1ec1c1b8f949eb9d44e2308"
  integrity sha512-WLmHQrsZob4rVYf8yHapZPNJZ3sspGa/sN8abuSD59b0FifDEE7HMfLUi24z7mPZqTpBXy4Svp+iGvAmclCmXg==

nanoid@^3.1.30:
  version "3.3.4"
  resolved "https://registry.yarnpkg.com/nanoid/-/nanoid-3.3.4.tgz#730b67e3cd09e2deacf03c027c81c9d9dbc5e8ab"
  integrity sha512-MqBkQh/OHTS2egovRtLk45wEyNXwF+cokD+1YPf9u5VfJiRdAiRwB2froX5Co9Rh20xs4siNPm8naNotSD6RBw==

next-tick@1, next-tick@^1.1.0:
  version "1.1.0"
  resolved "https://registry.yarnpkg.com/next-tick/-/next-tick-1.1.0.tgz#1836ee30ad56d67ef281b22bd199f709449b35eb"
  integrity sha512-CXdUiJembsNjuToQvxayPZF9Vqht7hewsvy2sOWafLvi2awflj9mOC6bHIg50orX8IJvWKY9wYQ/zB2kogPslQ==

next@12.1.7-canary.4:
  version "12.1.7-canary.4"
  resolved "https://registry.yarnpkg.com/next/-/next-12.1.7-canary.4.tgz#51499cd6c9beb8d2d5c187c177056604cea8799c"
  integrity sha512-wAHswqRXL8hL6kbAqvVsphQ9HPMcQ7bGO/7gcxjjWgF1HkEOOb1a9EdYG51SDRz6PAnvaFbTd1krgEILXXTzrA==
  dependencies:
    "@next/env" "12.1.7-canary.4"
    caniuse-lite "^1.0.30001332"
    postcss "8.4.5"
    styled-jsx "5.0.2"
    use-sync-external-store "1.1.0"
  optionalDependencies:
    "@next/swc-android-arm-eabi" "12.1.7-canary.4"
    "@next/swc-android-arm64" "12.1.7-canary.4"
    "@next/swc-darwin-arm64" "12.1.7-canary.4"
    "@next/swc-darwin-x64" "12.1.7-canary.4"
    "@next/swc-linux-arm-gnueabihf" "12.1.7-canary.4"
    "@next/swc-linux-arm64-gnu" "12.1.7-canary.4"
    "@next/swc-linux-arm64-musl" "12.1.7-canary.4"
    "@next/swc-linux-x64-gnu" "12.1.7-canary.4"
    "@next/swc-linux-x64-musl" "12.1.7-canary.4"
    "@next/swc-win32-arm64-msvc" "12.1.7-canary.4"
    "@next/swc-win32-ia32-msvc" "12.1.7-canary.4"
    "@next/swc-win32-x64-msvc" "12.1.7-canary.4"

picocolors@^1.0.0:
  version "1.0.0"
  resolved "https://registry.yarnpkg.com/picocolors/-/picocolors-1.0.0.tgz#cb5bdc74ff3f51892236eaf79d68bc44564ab81c"
  integrity sha512-1fygroTLlHu66zi26VoTDv8yRgm0Fccecssto+MhsZ0D/DGW2sm8E8AjW7NU5VVTRt5GxbeZ5qBuJr+HyLYkjQ==

postcss@8.4.5:
  version "8.4.5"
  resolved "https://registry.yarnpkg.com/postcss/-/postcss-8.4.5.tgz#bae665764dfd4c6fcc24dc0fdf7e7aa00cc77f95"
  integrity sha512-jBDboWM8qpaqwkMwItqTQTiFikhs/67OYVvblFFTM7MrZjt6yMKd6r2kgXizEbTTljacm4NldIlZnhbjr84QYg==
  dependencies:
    nanoid "^3.1.30"
    picocolors "^1.0.0"
    source-map-js "^1.0.1"

react-dom@18.1.0:
  version "18.1.0"
  resolved "https://registry.yarnpkg.com/react-dom/-/react-dom-18.1.0.tgz#7f6dd84b706408adde05e1df575b3a024d7e8a2f"
  integrity sha512-fU1Txz7Budmvamp7bshe4Zi32d0ll7ect+ccxNu9FlObT605GOEB8BfO4tmRJ39R5Zj831VCpvQ05QPBW5yb+w==
  dependencies:
    loose-envify "^1.1.0"
    scheduler "^0.22.0"

react@18.1.0:
  version "18.1.0"
  resolved "https://registry.yarnpkg.com/react/-/react-18.1.0.tgz#6f8620382decb17fdc5cc223a115e2adbf104890"
  integrity sha512-4oL8ivCz5ZEPyclFQXaNksK3adutVS8l2xzZU0cqEFrE9Sb7fC0EFK5uEk74wIreL1DERyjvsU915j1pcT2uEQ==
  dependencies:
    loose-envify "^1.1.0"

resize-observer-polyfill@^1.5.1:
  version "1.5.1"
  resolved "https://registry.yarnpkg.com/resize-observer-polyfill/-/resize-observer-polyfill-1.5.1.tgz#0e9020dd3d21024458d4ebd27e23e40269810464"
  integrity sha512-LwZrotdHOo12nQuZlHEmtuXdqGoOD0OhaxopaNFxWzInpEgaLWoVuAMbTzixuosCx2nEG58ngzW3vxdWoxIgdg==

run-exclusive@^2.2.14:
  version "2.2.14"
  resolved "https://registry.yarnpkg.com/run-exclusive/-/run-exclusive-2.2.14.tgz#4f41dc7843e091f10991f8708fce87b09022a0ce"
  integrity sha512-NHaQfB3zPJFx7p4M06AcmoK8xz/h8YDMCdy3jxfyoC9VqIbl1U+DiVjUuAYZBRMwvj5qkQnOUGfsmyUC4k46dg==
  dependencies:
    minimal-polyfills "^2.1.5"

scheduler@^0.22.0:
  version "0.22.0"
  resolved "https://registry.yarnpkg.com/scheduler/-/scheduler-0.22.0.tgz#83a5d63594edf074add9a7198b1bae76c3db01b8"
  integrity sha512-6QAm1BgQI88NPYymgGQLCZgvep4FyePDWFpXVK+zNSUgHwlqpJy8VEh8Et0KxTACS4VWwMousBElAZOH9nkkoQ==
  dependencies:
    loose-envify "^1.1.0"

source-map-js@^1.0.1:
  version "1.0.2"
  resolved "https://registry.yarnpkg.com/source-map-js/-/source-map-js-1.0.2.tgz#adbc361d9c62df380125e7f161f71c826f1e490c"
  integrity sha512-R0XvVJ9WusLiqTCEiGCmICCMplcCkIwwR11mOSD9CR5u+IXYdiseeEuXCVAjS54zqwkLcPNnmU4OeJ6tUrWhDw==

styled-jsx@5.0.2:
  version "5.0.2"
  resolved "https://registry.yarnpkg.com/styled-jsx/-/styled-jsx-5.0.2.tgz#ff230fd593b737e9e68b630a694d460425478729"
  integrity sha512-LqPQrbBh3egD57NBcHET4qcgshPks+yblyhPlH2GY8oaDgKs8SK4C3dBh3oSJjgzJ3G5t1SYEZGHkP+QEpX9EQ==

timers-ext@^0.1.7:
  version "0.1.7"
  resolved "https://registry.yarnpkg.com/timers-ext/-/timers-ext-0.1.7.tgz#6f57ad8578e07a3fb9f91d9387d65647555e25c6"
  integrity sha512-b85NUNzTSdodShTIbky6ZF02e8STtVVfD+fu4aXXShEELpozH+bCpJLYMPZbsABN2wDH7fJpqIoXxJpzbf0NqQ==
  dependencies:
    es5-ext "~0.10.46"
    next-tick "1"

tsafe@^0.10.0:
  version "0.10.0"
  resolved "https://registry.yarnpkg.com/tsafe/-/tsafe-0.10.0.tgz#c4fba365a49467ea6167e8c9482ddb94ee51b795"
  integrity sha512-CFfa1uJKfU0DDRbuB8bf2mfXjkOqiTsrltexzMMLxq5gjd1LttFECNGsO8dYUALJDbShb6+f3CwAppW/wf9BrA==

type@^1.0.1:
  version "1.2.0"
  resolved "https://registry.yarnpkg.com/type/-/type-1.2.0.tgz#848dd7698dafa3e54a6c479e759c4bc3f18847a0"
  integrity sha512-+5nt5AAniqsCnu2cEQQdpzCAh33kVx8n0VoFidKpB1dVVLAN/F+bgVOqOJqOnEnrhp222clB5p3vUlD+1QAnfg==

type@^2.5.0:
  version "2.6.0"
  resolved "https://registry.yarnpkg.com/type/-/type-2.6.0.tgz#3ca6099af5981d36ca86b78442973694278a219f"
  integrity sha512-eiDBDOmkih5pMbo9OqsqPRGMljLodLcwd5XD5JbtNB0o89xZAwynY9EdCDsJU7LtcVCClu9DvM7/0Ep1hYX3EQ==

typescript@^4.6.4:
  version "4.7.2"
  resolved "https://registry.yarnpkg.com/typescript/-/typescript-4.7.2.tgz#1f9aa2ceb9af87cca227813b4310fff0b51593c4"
  integrity sha512-Mamb1iX2FDUpcTRzltPxgWMKy3fhg0TN378ylbktPGPK/99KbDtMQ4W1hwgsbPAsG3a0xKa1vmw4VKZQbkvz5A==

use-sync-external-store@1.1.0:
  version "1.1.0"
  resolved "https://registry.yarnpkg.com/use-sync-external-store/-/use-sync-external-store-1.1.0.tgz#3343c3fe7f7e404db70f8c687adf5c1652d34e82"
  integrity sha512-SEnieB2FPKEVne66NpXPd1Np4R1lTNKfjuy3XdIoPQKYBAFdzbzSZlSn1KJZUiihQLQC5Znot4SBz1EOTBwQAQ==
